// !$*UTF8*$!
{
	archiveVersion = 1;
	classes = {
	};
	objectVersion = 55;
	objects = {

/* Begin PBXBuildFile section */
		103D739A28F64B30009DFB44 /* ConfigButtonViewController.swift in Sources */ = {isa = PBXBuildFile; fileRef = 103D739928F64B30009DFB44 /* ConfigButtonViewController.swift */; };
		104E677128FE36EA009612B4 /* BotonesOcultosCollectionViewCell.swift in Sources */ = {isa = PBXBuildFile; fileRef = 104E676F28FE36EA009612B4 /* BotonesOcultosCollectionViewCell.swift */; };
		104E677228FE36EA009612B4 /* BotonesOcultosCollectionViewCell.xib in Resources */ = {isa = PBXBuildFile; fileRef = 104E677028FE36EA009612B4 /* BotonesOcultosCollectionViewCell.xib */; };
		105A183728DE4F9B00693CE2 /* AppDelegate.swift in Sources */ = {isa = PBXBuildFile; fileRef = 105A183628DE4F9B00693CE2 /* AppDelegate.swift */; };
		105A183928DE4F9B00693CE2 /* SceneDelegate.swift in Sources */ = {isa = PBXBuildFile; fileRef = 105A183828DE4F9B00693CE2 /* SceneDelegate.swift */; };
		105A183B28DE4F9B00693CE2 /* ViewController.swift in Sources */ = {isa = PBXBuildFile; fileRef = 105A183A28DE4F9B00693CE2 /* ViewController.swift */; };
		105A183E28DE4F9B00693CE2 /* Main.storyboard in Resources */ = {isa = PBXBuildFile; fileRef = 105A183C28DE4F9B00693CE2 /* Main.storyboard */; };
		105A184128DE4F9B00693CE2 /* CamaraSwitcherAVS.xcdatamodeld in Sources */ = {isa = PBXBuildFile; fileRef = 105A183F28DE4F9B00693CE2 /* CamaraSwitcherAVS.xcdatamodeld */; };
		105A184328DE4F9C00693CE2 /* Assets.xcassets in Resources */ = {isa = PBXBuildFile; fileRef = 105A184228DE4F9C00693CE2 /* Assets.xcassets */; };
		105A184628DE4F9C00693CE2 /* LaunchScreen.storyboard in Resources */ = {isa = PBXBuildFile; fileRef = 105A184428DE4F9C00693CE2 /* LaunchScreen.storyboard */; };
		107A33B028F4E762002B19D4 /* CanalButton.swift in Sources */ = {isa = PBXBuildFile; fileRef = 107A33AF28F4E762002B19D4 /* CanalButton.swift */; };
		107A33B328F4EAC0002B19D4 /* CamaraEntity.swift in Sources */ = {isa = PBXBuildFile; fileRef = 107A33B228F4EAC0002B19D4 /* CamaraEntity.swift */; };
		107A33B628F5058E002B19D4 /* GeneralConfigViewController.swift in Sources */ = {isa = PBXBuildFile; fileRef = 107A33B428F5058E002B19D4 /* GeneralConfigViewController.swift */; };
		10B84D9828F9C8F3000AADBA /* SwiftyPing.swift in Sources */ = {isa = PBXBuildFile; fileRef = 10B84D9728F9C8F3000AADBA /* SwiftyPing.swift */; };
		10B84D9A28F9CF36000AADBA /* PickerDestinyViewController.swift in Sources */ = {isa = PBXBuildFile; fileRef = 10B84D9928F9CF36000AADBA /* PickerDestinyViewController.swift */; };
		708B43B1603E900E01EB57CF /* Pods_CamaraSwitcherAVS.framework in Frameworks */ = {isa = PBXBuildFile; fileRef = 6B4EFD66BF903A32316D2EB5 /* Pods_CamaraSwitcherAVS.framework */; };
/* End PBXBuildFile section */

/* Begin PBXFileReference section */
		103D739928F64B30009DFB44 /* ConfigButtonViewController.swift */ = {isa = PBXFileReference; lastKnownFileType = sourcecode.swift; path = ConfigButtonViewController.swift; sourceTree = "<group>"; };
		104E676F28FE36EA009612B4 /* BotonesOcultosCollectionViewCell.swift */ = {isa = PBXFileReference; lastKnownFileType = sourcecode.swift; path = BotonesOcultosCollectionViewCell.swift; sourceTree = "<group>"; };
		104E677028FE36EA009612B4 /* BotonesOcultosCollectionViewCell.xib */ = {isa = PBXFileReference; lastKnownFileType = file.xib; path = BotonesOcultosCollectionViewCell.xib; sourceTree = "<group>"; };
		105A183328DE4F9B00693CE2 /* CamaraSwitcherAVS.app */ = {isa = PBXFileReference; explicitFileType = wrapper.application; includeInIndex = 0; path = CamaraSwitcherAVS.app; sourceTree = BUILT_PRODUCTS_DIR; };
		105A183628DE4F9B00693CE2 /* AppDelegate.swift */ = {isa = PBXFileReference; lastKnownFileType = sourcecode.swift; path = AppDelegate.swift; sourceTree = "<group>"; };
		105A183828DE4F9B00693CE2 /* SceneDelegate.swift */ = {isa = PBXFileReference; lastKnownFileType = sourcecode.swift; path = SceneDelegate.swift; sourceTree = "<group>"; };
		105A183A28DE4F9B00693CE2 /* ViewController.swift */ = {isa = PBXFileReference; lastKnownFileType = sourcecode.swift; path = ViewController.swift; sourceTree = "<group>"; };
		105A183D28DE4F9B00693CE2 /* Base */ = {isa = PBXFileReference; lastKnownFileType = file.storyboard; name = Base; path = Base.lproj/Main.storyboard; sourceTree = "<group>"; };
		105A184028DE4F9B00693CE2 /* CamaraSwitcherAVS.xcdatamodel */ = {isa = PBXFileReference; lastKnownFileType = wrapper.xcdatamodel; path = CamaraSwitcherAVS.xcdatamodel; sourceTree = "<group>"; };
		105A184228DE4F9C00693CE2 /* Assets.xcassets */ = {isa = PBXFileReference; lastKnownFileType = folder.assetcatalog; path = Assets.xcassets; sourceTree = "<group>"; };
		105A184528DE4F9C00693CE2 /* Base */ = {isa = PBXFileReference; lastKnownFileType = file.storyboard; name = Base; path = Base.lproj/LaunchScreen.storyboard; sourceTree = "<group>"; };
		105A184728DE4F9C00693CE2 /* Info.plist */ = {isa = PBXFileReference; lastKnownFileType = text.plist.xml; path = Info.plist; sourceTree = "<group>"; };
		107A33AF28F4E762002B19D4 /* CanalButton.swift */ = {isa = PBXFileReference; lastKnownFileType = sourcecode.swift; path = CanalButton.swift; sourceTree = "<group>"; };
		107A33B228F4EAC0002B19D4 /* CamaraEntity.swift */ = {isa = PBXFileReference; lastKnownFileType = sourcecode.swift; path = CamaraEntity.swift; sourceTree = "<group>"; };
		107A33B428F5058E002B19D4 /* GeneralConfigViewController.swift */ = {isa = PBXFileReference; lastKnownFileType = sourcecode.swift; path = GeneralConfigViewController.swift; sourceTree = "<group>"; };
		10B84D9728F9C8F3000AADBA /* SwiftyPing.swift */ = {isa = PBXFileReference; fileEncoding = 4; lastKnownFileType = sourcecode.swift; path = SwiftyPing.swift; sourceTree = "<group>"; };
		10B84D9928F9CF36000AADBA /* PickerDestinyViewController.swift */ = {isa = PBXFileReference; fileEncoding = 4; lastKnownFileType = sourcecode.swift; path = PickerDestinyViewController.swift; sourceTree = "<group>"; };
		4768C78C57F32A56ABCAF0A4 /* Pods-CamaraSwitcherAVS.release.xcconfig */ = {isa = PBXFileReference; includeInIndex = 1; lastKnownFileType = text.xcconfig; name = "Pods-CamaraSwitcherAVS.release.xcconfig"; path = "Target Support Files/Pods-CamaraSwitcherAVS/Pods-CamaraSwitcherAVS.release.xcconfig"; sourceTree = "<group>"; };
		529295A5DE4FF8DDBD1BAD63 /* Pods-CamaraSwitcherAVS.debug.xcconfig */ = {isa = PBXFileReference; includeInIndex = 1; lastKnownFileType = text.xcconfig; name = "Pods-CamaraSwitcherAVS.debug.xcconfig"; path = "Target Support Files/Pods-CamaraSwitcherAVS/Pods-CamaraSwitcherAVS.debug.xcconfig"; sourceTree = "<group>"; };
		6B4EFD66BF903A32316D2EB5 /* Pods_CamaraSwitcherAVS.framework */ = {isa = PBXFileReference; explicitFileType = wrapper.framework; includeInIndex = 0; path = Pods_CamaraSwitcherAVS.framework; sourceTree = BUILT_PRODUCTS_DIR; };
/* End PBXFileReference section */

/* Begin PBXFrameworksBuildPhase section */
		105A183028DE4F9B00693CE2 /* Frameworks */ = {
			isa = PBXFrameworksBuildPhase;
			buildActionMask = 2147483647;
			files = (
				708B43B1603E900E01EB57CF /* Pods_CamaraSwitcherAVS.framework in Frameworks */,
			);
			runOnlyForDeploymentPostprocessing = 0;
		};
/* End PBXFrameworksBuildPhase section */

/* Begin PBXGroup section */
		105A182A28DE4F9B00693CE2 = {
			isa = PBXGroup;
			children = (
				105A183528DE4F9B00693CE2 /* CamaraSwitcherAVS */,
				105A183428DE4F9B00693CE2 /* Products */,
				D1BFF2920E0543D4100EA553 /* Pods */,
				F3462E3F7F59C5FFD6A1C53B /* Frameworks */,
			);
			sourceTree = "<group>";
		};
		105A183428DE4F9B00693CE2 /* Products */ = {
			isa = PBXGroup;
			children = (
				105A183328DE4F9B00693CE2 /* CamaraSwitcherAVS.app */,
			);
			name = Products;
			sourceTree = "<group>";
		};
		105A183528DE4F9B00693CE2 /* CamaraSwitcherAVS */ = {
			isa = PBXGroup;
			children = (
				107A33B128F4EAAB002B19D4 /* Representation */,
				107A33AE28F4E745002B19D4 /* Views */,
				105A183628DE4F9B00693CE2 /* AppDelegate.swift */,
				105A183828DE4F9B00693CE2 /* SceneDelegate.swift */,
				10B84D9728F9C8F3000AADBA /* SwiftyPing.swift */,
				105A183A28DE4F9B00693CE2 /* ViewController.swift */,
				105A183C28DE4F9B00693CE2 /* Main.storyboard */,
				105A184228DE4F9C00693CE2 /* Assets.xcassets */,
				105A184428DE4F9C00693CE2 /* LaunchScreen.storyboard */,
				105A184728DE4F9C00693CE2 /* Info.plist */,
				105A183F28DE4F9B00693CE2 /* CamaraSwitcherAVS.xcdatamodeld */,
				10B84D9928F9CF36000AADBA /* PickerDestinyViewController.swift */,
				107A33B428F5058E002B19D4 /* GeneralConfigViewController.swift */,
				103D739928F64B30009DFB44 /* ConfigButtonViewController.swift */,
				104E676F28FE36EA009612B4 /* BotonesOcultosCollectionViewCell.swift */,
				104E677028FE36EA009612B4 /* BotonesOcultosCollectionViewCell.xib */,
			);
			path = CamaraSwitcherAVS;
			sourceTree = "<group>";
		};
		107A33AE28F4E745002B19D4 /* Views */ = {
			isa = PBXGroup;
			children = (
				107A33AF28F4E762002B19D4 /* CanalButton.swift */,
			);
			path = Views;
			sourceTree = "<group>";
		};
		107A33B128F4EAAB002B19D4 /* Representation */ = {
			isa = PBXGroup;
			children = (
				107A33B228F4EAC0002B19D4 /* CamaraEntity.swift */,
			);
			path = Representation;
			sourceTree = "<group>";
		};
		D1BFF2920E0543D4100EA553 /* Pods */ = {
			isa = PBXGroup;
			children = (
				529295A5DE4FF8DDBD1BAD63 /* Pods-CamaraSwitcherAVS.debug.xcconfig */,
				4768C78C57F32A56ABCAF0A4 /* Pods-CamaraSwitcherAVS.release.xcconfig */,
			);
			path = Pods;
			sourceTree = "<group>";
		};
		F3462E3F7F59C5FFD6A1C53B /* Frameworks */ = {
			isa = PBXGroup;
			children = (
				6B4EFD66BF903A32316D2EB5 /* Pods_CamaraSwitcherAVS.framework */,
			);
			name = Frameworks;
			sourceTree = "<group>";
		};
/* End PBXGroup section */

/* Begin PBXNativeTarget section */
		105A183228DE4F9B00693CE2 /* CamaraSwitcherAVS */ = {
			isa = PBXNativeTarget;
			buildConfigurationList = 105A184A28DE4F9C00693CE2 /* Build configuration list for PBXNativeTarget "CamaraSwitcherAVS" */;
			buildPhases = (
				03448054DE04287713C66E25 /* [CP] Check Pods Manifest.lock */,
				105A182F28DE4F9B00693CE2 /* Sources */,
				105A183028DE4F9B00693CE2 /* Frameworks */,
				105A183128DE4F9B00693CE2 /* Resources */,
				9EA2C6A415D09459E2602E38 /* [CP] Embed Pods Frameworks */,
			);
			buildRules = (
			);
			dependencies = (
			);
			name = CamaraSwitcherAVS;
			productName = CamaraSwitcherAVS;
			productReference = 105A183328DE4F9B00693CE2 /* CamaraSwitcherAVS.app */;
			productType = "com.apple.product-type.application";
		};
/* End PBXNativeTarget section */

/* Begin PBXProject section */
		105A182B28DE4F9B00693CE2 /* Project object */ = {
			isa = PBXProject;
			attributes = {
				BuildIndependentTargetsInParallel = 1;
				LastSwiftUpdateCheck = 1320;
				LastUpgradeCheck = 1320;
				TargetAttributes = {
					105A183228DE4F9B00693CE2 = {
						CreatedOnToolsVersion = 13.2.1;
					};
				};
			};
			buildConfigurationList = 105A182E28DE4F9B00693CE2 /* Build configuration list for PBXProject "CamaraSwitcherAVS" */;
			compatibilityVersion = "Xcode 13.0";
			developmentRegion = en;
			hasScannedForEncodings = 0;
			knownRegions = (
				en,
				Base,
			);
			mainGroup = 105A182A28DE4F9B00693CE2;
			productRefGroup = 105A183428DE4F9B00693CE2 /* Products */;
			projectDirPath = "";
			projectRoot = "";
			targets = (
				105A183228DE4F9B00693CE2 /* CamaraSwitcherAVS */,
			);
		};
/* End PBXProject section */

/* Begin PBXResourcesBuildPhase section */
		105A183128DE4F9B00693CE2 /* Resources */ = {
			isa = PBXResourcesBuildPhase;
			buildActionMask = 2147483647;
			files = (
				105A184628DE4F9C00693CE2 /* LaunchScreen.storyboard in Resources */,
				105A184328DE4F9C00693CE2 /* Assets.xcassets in Resources */,
				105A183E28DE4F9B00693CE2 /* Main.storyboard in Resources */,
				104E677228FE36EA009612B4 /* BotonesOcultosCollectionViewCell.xib in Resources */,
			);
			runOnlyForDeploymentPostprocessing = 0;
		};
/* End PBXResourcesBuildPhase section */

/* Begin PBXShellScriptBuildPhase section */
		03448054DE04287713C66E25 /* [CP] Check Pods Manifest.lock */ = {
			isa = PBXShellScriptBuildPhase;
			buildActionMask = 2147483647;
			files = (
			);
			inputFileListPaths = (
			);
			inputPaths = (
				"${PODS_PODFILE_DIR_PATH}/Podfile.lock",
				"${PODS_ROOT}/Manifest.lock",
			);
			name = "[CP] Check Pods Manifest.lock";
			outputFileListPaths = (
			);
			outputPaths = (
				"$(DERIVED_FILE_DIR)/Pods-CamaraSwitcherAVS-checkManifestLockResult.txt",
			);
			runOnlyForDeploymentPostprocessing = 0;
			shellPath = /bin/sh;
			shellScript = "diff \"${PODS_PODFILE_DIR_PATH}/Podfile.lock\" \"${PODS_ROOT}/Manifest.lock\" > /dev/null\nif [ $? != 0 ] ; then\n    # print error to STDERR\n    echo \"error: The sandbox is not in sync with the Podfile.lock. Run 'pod install' or update your CocoaPods installation.\" >&2\n    exit 1\nfi\n# This output is used by Xcode 'outputs' to avoid re-running this script phase.\necho \"SUCCESS\" > \"${SCRIPT_OUTPUT_FILE_0}\"\n";
			showEnvVarsInLog = 0;
		};
		9EA2C6A415D09459E2602E38 /* [CP] Embed Pods Frameworks */ = {
			isa = PBXShellScriptBuildPhase;
			buildActionMask = 2147483647;
			files = (
			);
			inputFileListPaths = (
				"${PODS_ROOT}/Target Support Files/Pods-CamaraSwitcherAVS/Pods-CamaraSwitcherAVS-frameworks-${CONFIGURATION}-input-files.xcfilelist",
			);
			name = "[CP] Embed Pods Frameworks";
			outputFileListPaths = (
				"${PODS_ROOT}/Target Support Files/Pods-CamaraSwitcherAVS/Pods-CamaraSwitcherAVS-frameworks-${CONFIGURATION}-output-files.xcfilelist",
			);
			runOnlyForDeploymentPostprocessing = 0;
			shellPath = /bin/sh;
			shellScript = "\"${PODS_ROOT}/Target Support Files/Pods-CamaraSwitcherAVS/Pods-CamaraSwitcherAVS-frameworks.sh\"\n";
			showEnvVarsInLog = 0;
		};
/* End PBXShellScriptBuildPhase section */

/* Begin PBXSourcesBuildPhase section */
		105A182F28DE4F9B00693CE2 /* Sources */ = {
			isa = PBXSourcesBuildPhase;
			buildActionMask = 2147483647;
			files = (
				103D739A28F64B30009DFB44 /* ConfigButtonViewController.swift in Sources */,
				105A183B28DE4F9B00693CE2 /* ViewController.swift in Sources */,
				105A183728DE4F9B00693CE2 /* AppDelegate.swift in Sources */,
				10B84D9A28F9CF36000AADBA /* PickerDestinyViewController.swift in Sources */,
				10B84D9828F9C8F3000AADBA /* SwiftyPing.swift in Sources */,
				104E677128FE36EA009612B4 /* BotonesOcultosCollectionViewCell.swift in Sources */,
				105A184128DE4F9B00693CE2 /* CamaraSwitcherAVS.xcdatamodeld in Sources */,
				107A33B628F5058E002B19D4 /* GeneralConfigViewController.swift in Sources */,
				107A33B328F4EAC0002B19D4 /* CamaraEntity.swift in Sources */,
				107A33B028F4E762002B19D4 /* CanalButton.swift in Sources */,
				105A183928DE4F9B00693CE2 /* SceneDelegate.swift in Sources */,
			);
			runOnlyForDeploymentPostprocessing = 0;
		};
/* End PBXSourcesBuildPhase section */

/* Begin PBXVariantGroup section */
		105A183C28DE4F9B00693CE2 /* Main.storyboard */ = {
			isa = PBXVariantGroup;
			children = (
				105A183D28DE4F9B00693CE2 /* Base */,
			);
			name = Main.storyboard;
			sourceTree = "<group>";
		};
		105A184428DE4F9C00693CE2 /* LaunchScreen.storyboard */ = {
			isa = PBXVariantGroup;
			children = (
				105A184528DE4F9C00693CE2 /* Base */,
			);
			name = LaunchScreen.storyboard;
			sourceTree = "<group>";
		};
/* End PBXVariantGroup section */

/* Begin XCBuildConfiguration section */
		105A184828DE4F9C00693CE2 /* Debug */ = {
			isa = XCBuildConfiguration;
			buildSettings = {
				ALWAYS_SEARCH_USER_PATHS = NO;
				CLANG_ANALYZER_NONNULL = YES;
				CLANG_ANALYZER_NUMBER_OBJECT_CONVERSION = YES_AGGRESSIVE;
				CLANG_CXX_LANGUAGE_STANDARD = "gnu++17";
				CLANG_CXX_LIBRARY = "libc++";
				CLANG_ENABLE_MODULES = YES;
				CLANG_ENABLE_OBJC_ARC = YES;
				CLANG_ENABLE_OBJC_WEAK = YES;
				CLANG_WARN_BLOCK_CAPTURE_AUTORELEASING = YES;
				CLANG_WARN_BOOL_CONVERSION = YES;
				CLANG_WARN_COMMA = YES;
				CLANG_WARN_CONSTANT_CONVERSION = YES;
				CLANG_WARN_DEPRECATED_OBJC_IMPLEMENTATIONS = YES;
				CLANG_WARN_DIRECT_OBJC_ISA_USAGE = YES_ERROR;
				CLANG_WARN_DOCUMENTATION_COMMENTS = YES;
				CLANG_WARN_EMPTY_BODY = YES;
				CLANG_WARN_ENUM_CONVERSION = YES;
				CLANG_WARN_INFINITE_RECURSION = YES;
				CLANG_WARN_INT_CONVERSION = YES;
				CLANG_WARN_NON_LITERAL_NULL_CONVERSION = YES;
				CLANG_WARN_OBJC_IMPLICIT_RETAIN_SELF = YES;
				CLANG_WARN_OBJC_LITERAL_CONVERSION = YES;
				CLANG_WARN_OBJC_ROOT_CLASS = YES_ERROR;
				CLANG_WARN_QUOTED_INCLUDE_IN_FRAMEWORK_HEADER = YES;
				CLANG_WARN_RANGE_LOOP_ANALYSIS = YES;
				CLANG_WARN_STRICT_PROTOTYPES = YES;
				CLANG_WARN_SUSPICIOUS_MOVE = YES;
				CLANG_WARN_UNGUARDED_AVAILABILITY = YES_AGGRESSIVE;
				CLANG_WARN_UNREACHABLE_CODE = YES;
				CLANG_WARN__DUPLICATE_METHOD_MATCH = YES;
				COPY_PHASE_STRIP = NO;
				DEBUG_INFORMATION_FORMAT = dwarf;
				ENABLE_STRICT_OBJC_MSGSEND = YES;
				ENABLE_TESTABILITY = YES;
				GCC_C_LANGUAGE_STANDARD = gnu11;
				GCC_DYNAMIC_NO_PIC = NO;
				GCC_NO_COMMON_BLOCKS = YES;
				GCC_OPTIMIZATION_LEVEL = 0;
				GCC_PREPROCESSOR_DEFINITIONS = (
					"DEBUG=1",
					"$(inherited)",
				);
				GCC_WARN_64_TO_32_BIT_CONVERSION = YES;
				GCC_WARN_ABOUT_RETURN_TYPE = YES_ERROR;
				GCC_WARN_UNDECLARED_SELECTOR = YES;
				GCC_WARN_UNINITIALIZED_AUTOS = YES_AGGRESSIVE;
				GCC_WARN_UNUSED_FUNCTION = YES;
				GCC_WARN_UNUSED_VARIABLE = YES;
				IPHONEOS_DEPLOYMENT_TARGET = 15.2;
				MTL_ENABLE_DEBUG_INFO = INCLUDE_SOURCE;
				MTL_FAST_MATH = YES;
				ONLY_ACTIVE_ARCH = YES;
				SDKROOT = iphoneos;
				SWIFT_ACTIVE_COMPILATION_CONDITIONS = DEBUG;
				SWIFT_OPTIMIZATION_LEVEL = "-Onone";
			};
			name = Debug;
		};
		105A184928DE4F9C00693CE2 /* Release */ = {
			isa = XCBuildConfiguration;
			buildSettings = {
				ALWAYS_SEARCH_USER_PATHS = NO;
				CLANG_ANALYZER_NONNULL = YES;
				CLANG_ANALYZER_NUMBER_OBJECT_CONVERSION = YES_AGGRESSIVE;
				CLANG_CXX_LANGUAGE_STANDARD = "gnu++17";
				CLANG_CXX_LIBRARY = "libc++";
				CLANG_ENABLE_MODULES = YES;
				CLANG_ENABLE_OBJC_ARC = YES;
				CLANG_ENABLE_OBJC_WEAK = YES;
				CLANG_WARN_BLOCK_CAPTURE_AUTORELEASING = YES;
				CLANG_WARN_BOOL_CONVERSION = YES;
				CLANG_WARN_COMMA = YES;
				CLANG_WARN_CONSTANT_CONVERSION = YES;
				CLANG_WARN_DEPRECATED_OBJC_IMPLEMENTATIONS = YES;
				CLANG_WARN_DIRECT_OBJC_ISA_USAGE = YES_ERROR;
				CLANG_WARN_DOCUMENTATION_COMMENTS = YES;
				CLANG_WARN_EMPTY_BODY = YES;
				CLANG_WARN_ENUM_CONVERSION = YES;
				CLANG_WARN_INFINITE_RECURSION = YES;
				CLANG_WARN_INT_CONVERSION = YES;
				CLANG_WARN_NON_LITERAL_NULL_CONVERSION = YES;
				CLANG_WARN_OBJC_IMPLICIT_RETAIN_SELF = YES;
				CLANG_WARN_OBJC_LITERAL_CONVERSION = YES;
				CLANG_WARN_OBJC_ROOT_CLASS = YES_ERROR;
				CLANG_WARN_QUOTED_INCLUDE_IN_FRAMEWORK_HEADER = YES;
				CLANG_WARN_RANGE_LOOP_ANALYSIS = YES;
				CLANG_WARN_STRICT_PROTOTYPES = YES;
				CLANG_WARN_SUSPICIOUS_MOVE = YES;
				CLANG_WARN_UNGUARDED_AVAILABILITY = YES_AGGRESSIVE;
				CLANG_WARN_UNREACHABLE_CODE = YES;
				CLANG_WARN__DUPLICATE_METHOD_MATCH = YES;
				COPY_PHASE_STRIP = NO;
				DEBUG_INFORMATION_FORMAT = "dwarf-with-dsym";
				ENABLE_NS_ASSERTIONS = NO;
				ENABLE_STRICT_OBJC_MSGSEND = YES;
				GCC_C_LANGUAGE_STANDARD = gnu11;
				GCC_NO_COMMON_BLOCKS = YES;
				GCC_WARN_64_TO_32_BIT_CONVERSION = YES;
				GCC_WARN_ABOUT_RETURN_TYPE = YES_ERROR;
				GCC_WARN_UNDECLARED_SELECTOR = YES;
				GCC_WARN_UNINITIALIZED_AUTOS = YES_AGGRESSIVE;
				GCC_WARN_UNUSED_FUNCTION = YES;
				GCC_WARN_UNUSED_VARIABLE = YES;
				IPHONEOS_DEPLOYMENT_TARGET = 15.2;
				MTL_ENABLE_DEBUG_INFO = NO;
				MTL_FAST_MATH = YES;
				SDKROOT = iphoneos;
				SWIFT_COMPILATION_MODE = wholemodule;
				SWIFT_OPTIMIZATION_LEVEL = "-O";
				VALIDATE_PRODUCT = YES;
			};
			name = Release;
		};
		105A184B28DE4F9C00693CE2 /* Debug */ = {
			isa = XCBuildConfiguration;
			baseConfigurationReference = 529295A5DE4FF8DDBD1BAD63 /* Pods-CamaraSwitcherAVS.debug.xcconfig */;
			buildSettings = {
				ASSETCATALOG_COMPILER_APPICON_NAME = AppIcon;
				ASSETCATALOG_COMPILER_GLOBAL_ACCENT_COLOR_NAME = AccentColor;
				CODE_SIGN_STYLE = Automatic;
				CURRENT_PROJECT_VERSION = 1;
				DEVELOPMENT_TEAM = L23RS22M69;
				GENERATE_INFOPLIST_FILE = YES;
				INFOPLIST_FILE = CamaraSwitcherAVS/Info.plist;
				INFOPLIST_KEY_UIApplicationSupportsIndirectInputEvents = YES;
				INFOPLIST_KEY_UILaunchStoryboardName = LaunchScreen;
				INFOPLIST_KEY_UIMainStoryboardFile = Main;
				INFOPLIST_KEY_UIRequiresFullScreen = YES;
				INFOPLIST_KEY_UISupportedInterfaceOrientations_iPad = "UIInterfaceOrientationLandscapeLeft UIInterfaceOrientationLandscapeRight";
				INFOPLIST_KEY_UISupportedInterfaceOrientations_iPhone = "UIInterfaceOrientationPortrait UIInterfaceOrientationLandscapeLeft UIInterfaceOrientationLandscapeRight";
				LD_RUNPATH_SEARCH_PATHS = (
					"$(inherited)",
					"@executable_path/Frameworks",
				);
				MARKETING_VERSION = 1.0;
				PRODUCT_BUNDLE_IDENTIFIER = com.avs.CamaraSwitcherAVS1;
				PRODUCT_NAME = "$(TARGET_NAME)";
				SWIFT_EMIT_LOC_STRINGS = YES;
				SWIFT_VERSION = 5.0;
				TARGETED_DEVICE_FAMILY = 2;
			};
			name = Debug;
		};
		105A184C28DE4F9C00693CE2 /* Release */ = {
			isa = XCBuildConfiguration;
			baseConfigurationReference = 4768C78C57F32A56ABCAF0A4 /* Pods-CamaraSwitcherAVS.release.xcconfig */;
			buildSettings = {
				ASSETCATALOG_COMPILER_APPICON_NAME = AppIcon;
				ASSETCATALOG_COMPILER_GLOBAL_ACCENT_COLOR_NAME = AccentColor;
				CODE_SIGN_STYLE = Automatic;
				CURRENT_PROJECT_VERSION = 1;
				DEVELOPMENT_TEAM = L23RS22M69;
				GENERATE_INFOPLIST_FILE = YES;
				INFOPLIST_FILE = CamaraSwitcherAVS/Info.plist;
				INFOPLIST_KEY_UIApplicationSupportsIndirectInputEvents = YES;
				INFOPLIST_KEY_UILaunchStoryboardName = LaunchScreen;
				INFOPLIST_KEY_UIMainStoryboardFile = Main;
				INFOPLIST_KEY_UIRequiresFullScreen = YES;
				INFOPLIST_KEY_UISupportedInterfaceOrientations_iPad = "UIInterfaceOrientationLandscapeLeft UIInterfaceOrientationLandscapeRight";
				INFOPLIST_KEY_UISupportedInterfaceOrientations_iPhone = "UIInterfaceOrientationPortrait UIInterfaceOrientationLandscapeLeft UIInterfaceOrientationLandscapeRight";
				LD_RUNPATH_SEARCH_PATHS = (
					"$(inherited)",
					"@executable_path/Frameworks",
				);
				MARKETING_VERSION = 1.0;
				PRODUCT_BUNDLE_IDENTIFIER = com.avs.CamaraSwitcherAVS1;
				PRODUCT_NAME = "$(TARGET_NAME)";
				SWIFT_EMIT_LOC_STRINGS = YES;
				SWIFT_VERSION = 5.0;
				TARGETED_DEVICE_FAMILY = 2;
			};
			name = Release;
		};
/* End XCBuildConfiguration section */

/* Begin XCConfigurationList section */
		105A182E28DE4F9B00693CE2 /* Build configuration list for PBXProject "CamaraSwitcherAVS" */ = {
			isa = XCConfigurationList;
			buildConfigurations = (
				105A184828DE4F9C00693CE2 /* Debug */,
				105A184928DE4F9C00693CE2 /* Release */,
			);
			defaultConfigurationIsVisible = 0;
			defaultConfigurationName = Release;
		};
		105A184A28DE4F9C00693CE2 /* Build configuration list for PBXNativeTarget "CamaraSwitcherAVS" */ = {
			isa = XCConfigurationList;
			buildConfigurations = (
				105A184B28DE4F9C00693CE2 /* Debug */,
				105A184C28DE4F9C00693CE2 /* Release */,
			);
			defaultConfigurationIsVisible = 0;
			defaultConfigurationName = Release;
		};
/* End XCConfigurationList section */

/* Begin XCVersionGroup section */
		105A183F28DE4F9B00693CE2 /* CamaraSwitcherAVS.xcdatamodeld */ = {
			isa = XCVersionGroup;
			children = (
				105A184028DE4F9B00693CE2 /* CamaraSwitcherAVS.xcdatamodel */,
			);
			currentVersion = 105A184028DE4F9B00693CE2 /* CamaraSwitcherAVS.xcdatamodel */;
			path = CamaraSwitcherAVS.xcdatamodeld;
			sourceTree = "<group>";
			versionGroupType = wrapper.xcdatamodel;
		};
/* End XCVersionGroup section */
	};
	rootObject = 105A182B28DE4F9B00693CE2 /* Project object */;
}
